
Microsoft Visual Studio Solution File, Format Version 12.00
# Visual Studio Version 16
VisualStudioVersion = 16.0.31613.86
MinimumVisualStudioVersion = 10.0.40219.1
Project("{FAE04EC0-301F-11D3-BF4B-00C04F79EFBC}") = "Lab3", "Lab3\Lab3.csproj", "{27B75596-3E58-4BC1-A9AC-1ECE1E9ED82C}"
EndProject
Global
	GlobalSection(SolutionConfigurationPlatforms) = preSolution
		Debug|Any CPU = Debug|Any CPU
		Release|Any CPU = Release|Any CPU
	EndGlobalSection
	GlobalSection(ProjectConfigurationPlatforms) = postSolution
		{27B75596-3E58-4BC1-A9AC-1ECE1E9ED82C}.Debug|Any CPU.ActiveCfg = Debug|Any CPU
		{27B75596-3E58-4BC1-A9AC-1ECE1E9ED82C}.Debug|Any CPU.Build.0 = Debug|Any CPU
		{27B75596-3E58-4BC1-A9AC-1ECE1E9ED82C}.Release|Any CPU.ActiveCfg = Release|Any CPU
		{27B75596-3E58-4BC1-A9AC-1ECE1E9ED82C}.Release|Any CPU.Build.0 = Release|Any CPU
	EndGlobalSection
	GlobalSection(SolutionProperties) = preSolution
		HideSolutionNode = FALSE
	EndGlobalSection
	GlobalSection(ExtensibilityGlobals) = postSolution
		SolutionGuid = {63328209-91C9-485D-B2F7-FA3DBE2685BD}
	EndGlobalSection
EndGlobal
